{
  "name": "color-theory",
  "lockfileVersion": 3,
  "requires": true,
  "packages": {
    "": {
      "dependencies": {
        "@tsconfig/node22": "^22.0.0",
        "typescript": "^5.8.2"
      }
    },
    "node_modules/@tsconfig/node22": {
      "version": "22.0.0",
      "license": "MIT"
    },
    "node_modules/typescript": {
      "version": "5.8.2",
      "license": "Apache-2.0",
      "bin": {
        "tsc": "bin/tsc",
        "tsserver": "bin/tsserver"
      },
      "engines": {
        "node": ">=14.17"
      }
    }
  }
}
